
Microsoft Visual Studio Solution File, Format Version 12.00
# Visual Studio Version 17
VisualStudioVersion = 17.9.34723.18
MinimumVisualStudioVersion = 10.0.40219.1
Project("{FAE04EC0-301F-11D3-BF4B-00C04F79EFBC}") = "Apteka", "Apteka.csproj", "{B2D8D3C7-D5D2-4415-BB76-57A61BDC4737}"
EndProject
Global
	GlobalSection(SolutionConfigurationPlatforms) = preSolution
		Debug|Any CPU = Debug|Any CPU
		Release|Any CPU = Release|Any CPU
	EndGlobalSection
	GlobalSection(ProjectConfigurationPlatforms) = postSolution
		{B2D8D3C7-D5D2-4415-BB76-57A61BDC4737}.Debug|Any CPU.ActiveCfg = Debug|Any CPU
		{B2D8D3C7-D5D2-4415-BB76-57A61BDC4737}.Debug|Any CPU.Build.0 = Debug|Any CPU
		{B2D8D3C7-D5D2-4415-BB76-57A61BDC4737}.Release|Any CPU.ActiveCfg = Release|Any CPU
		{B2D8D3C7-D5D2-4415-BB76-57A61BDC4737}.Release|Any CPU.Build.0 = Release|Any CPU
	EndGlobalSection
	GlobalSection(SolutionProperties) = preSolution
		HideSolutionNode = FALSE
	EndGlobalSection
	GlobalSection(ExtensibilityGlobals) = postSolution
		SolutionGuid = {A1D831B1-C742-42EF-9CC4-62C583EF77C6}
	EndGlobalSection
EndGlobal
